
Microsoft Visual Studio Solution File, Format Version 12.00
# Visual Studio 14
VisualStudioVersion = 14.0.23107.0
MinimumVisualStudioVersion = 10.0.40219.1
Project("{FAE04EC0-301F-11D3-BF4B-00C04F79EFBC}") = "Colombo City Institute System", "Colombo City Institute System\Colombo City Institute System.csproj", "{B11612C0-4848-4712-BBF0-4867752A901F}"
EndProject
Global
	GlobalSection(SolutionConfigurationPlatforms) = preSolution
		Debug|Any CPU = Debug|Any CPU
		Release|Any CPU = Release|Any CPU
	EndGlobalSection
	GlobalSection(ProjectConfigurationPlatforms) = postSolution
		{B11612C0-4848-4712-BBF0-4867752A901F}.Debug|Any CPU.ActiveCfg = Debug|Any CPU
		{B11612C0-4848-4712-BBF0-4867752A901F}.Debug|Any CPU.Build.0 = Debug|Any CPU
		{B11612C0-4848-4712-BBF0-4867752A901F}.Release|Any CPU.ActiveCfg = Release|Any CPU
		{B11612C0-4848-4712-BBF0-4867752A901F}.Release|Any CPU.Build.0 = Release|Any CPU
	EndGlobalSection
	GlobalSection(SolutionProperties) = preSolution
		HideSolutionNode = FALSE
	EndGlobalSection
	GlobalSection(ExtensibilityGlobals) = postSolution
		SolutionGuid = {5365E19B-23A5-485C-A30E-36C63F81075D}
	EndGlobalSection
EndGlobal
